
Microsoft Visual Studio Solution File, Format Version 12.00
# Visual Studio 2012
Project("{FAE04EC0-301F-11D3-BF4B-00C04F79EFBC}") = "GrepperLib", "GrepperLib\GrepperLib.csproj", "{A579CA4D-131F-4D74-98CE-DBE5402C853A}"
EndProject
Project("{FAE04EC0-301F-11D3-BF4B-00C04F79EFBC}") = "GrepperView", "GrepperView\GrepperView.csproj", "{EDE4D02F-FB6B-4F03-8327-F9C36E01C102}"
EndProject
Project("{FAE04EC0-301F-11D3-BF4B-00C04F79EFBC}") = "ContextMenu", "ContextMenu\ContextMenu.csproj", "{3E5B0928-0E03-4779-A789-8FDE5257FEEC}"
EndProject
Project("{FAE04EC0-301F-11D3-BF4B-00C04F79EFBC}") = "GrepperWPF", "GrepperWPF\GrepperWPF.csproj", "{B9E0D79F-1E52-4310-8F8A-5C8904507527}"
EndProject
Project("{FAE04EC0-301F-11D3-BF4B-00C04F79EFBC}") = "GrepperWPF.Test", "GrepperWPF.Test\GrepperWPF.Test.csproj", "{D0C0B8A9-68C9-4BC6-96BE-ABB828BC6F37}"
EndProject
Project("{FAE04EC0-301F-11D3-BF4B-00C04F79EFBC}") = "CrossButton", "GrepperWPF\Vendor\CrossButton\CrossButton.csproj", "{341CE028-D1FF-4694-B510-153EE19B813A}"
EndProject
Global
	GlobalSection(SolutionConfigurationPlatforms) = preSolution
		Debug|Any CPU = Debug|Any CPU
		Debug|Mixed Platforms = Debug|Mixed Platforms
		Debug|x86 = Debug|x86
		Release|Any CPU = Release|Any CPU
		Release|Mixed Platforms = Release|Mixed Platforms
		Release|x86 = Release|x86
	EndGlobalSection
	GlobalSection(ProjectConfigurationPlatforms) = postSolution
		{A579CA4D-131F-4D74-98CE-DBE5402C853A}.Debug|Any CPU.ActiveCfg = Debug|Any CPU
		{A579CA4D-131F-4D74-98CE-DBE5402C853A}.Debug|Any CPU.Build.0 = Debug|Any CPU
		{A579CA4D-131F-4D74-98CE-DBE5402C853A}.Debug|Mixed Platforms.ActiveCfg = Debug|Any CPU
		{A579CA4D-131F-4D74-98CE-DBE5402C853A}.Debug|Mixed Platforms.Build.0 = Debug|Any CPU
		{A579CA4D-131F-4D74-98CE-DBE5402C853A}.Debug|x86.ActiveCfg = Debug|Any CPU
		{A579CA4D-131F-4D74-98CE-DBE5402C853A}.Release|Any CPU.ActiveCfg = Release|Any CPU
		{A579CA4D-131F-4D74-98CE-DBE5402C853A}.Release|Any CPU.Build.0 = Release|Any CPU
		{A579CA4D-131F-4D74-98CE-DBE5402C853A}.Release|Mixed Platforms.ActiveCfg = Release|Any CPU
		{A579CA4D-131F-4D74-98CE-DBE5402C853A}.Release|Mixed Platforms.Build.0 = Release|Any CPU
		{A579CA4D-131F-4D74-98CE-DBE5402C853A}.Release|x86.ActiveCfg = Release|Any CPU
		{EDE4D02F-FB6B-4F03-8327-F9C36E01C102}.Debug|Any CPU.ActiveCfg = Debug|x86
		{EDE4D02F-FB6B-4F03-8327-F9C36E01C102}.Debug|Mixed Platforms.ActiveCfg = Debug|x86
		{EDE4D02F-FB6B-4F03-8327-F9C36E01C102}.Debug|Mixed Platforms.Build.0 = Debug|x86
		{EDE4D02F-FB6B-4F03-8327-F9C36E01C102}.Debug|x86.ActiveCfg = Debug|x86
		{EDE4D02F-FB6B-4F03-8327-F9C36E01C102}.Debug|x86.Build.0 = Debug|x86
		{EDE4D02F-FB6B-4F03-8327-F9C36E01C102}.Release|Any CPU.ActiveCfg = Release|x86
		{EDE4D02F-FB6B-4F03-8327-F9C36E01C102}.Release|Mixed Platforms.ActiveCfg = Release|x86
		{EDE4D02F-FB6B-4F03-8327-F9C36E01C102}.Release|Mixed Platforms.Build.0 = Release|x86
		{EDE4D02F-FB6B-4F03-8327-F9C36E01C102}.Release|x86.ActiveCfg = Release|x86
		{EDE4D02F-FB6B-4F03-8327-F9C36E01C102}.Release|x86.Build.0 = Release|x86
		{3E5B0928-0E03-4779-A789-8FDE5257FEEC}.Debug|Any CPU.ActiveCfg = Debug|Any CPU
		{3E5B0928-0E03-4779-A789-8FDE5257FEEC}.Debug|Any CPU.Build.0 = Debug|Any CPU
		{3E5B0928-0E03-4779-A789-8FDE5257FEEC}.Debug|Mixed Platforms.ActiveCfg = Debug|Any CPU
		{3E5B0928-0E03-4779-A789-8FDE5257FEEC}.Debug|Mixed Platforms.Build.0 = Debug|Any CPU
		{3E5B0928-0E03-4779-A789-8FDE5257FEEC}.Debug|x86.ActiveCfg = Debug|Any CPU
		{3E5B0928-0E03-4779-A789-8FDE5257FEEC}.Release|Any CPU.ActiveCfg = Release|Any CPU
		{3E5B0928-0E03-4779-A789-8FDE5257FEEC}.Release|Any CPU.Build.0 = Release|Any CPU
		{3E5B0928-0E03-4779-A789-8FDE5257FEEC}.Release|Mixed Platforms.ActiveCfg = Release|Any CPU
		{3E5B0928-0E03-4779-A789-8FDE5257FEEC}.Release|Mixed Platforms.Build.0 = Release|Any CPU
		{3E5B0928-0E03-4779-A789-8FDE5257FEEC}.Release|x86.ActiveCfg = Release|Any CPU
		{B9E0D79F-1E52-4310-8F8A-5C8904507527}.Debug|Any CPU.ActiveCfg = Debug|Any CPU
		{B9E0D79F-1E52-4310-8F8A-5C8904507527}.Debug|Any CPU.Build.0 = Debug|Any CPU
		{B9E0D79F-1E52-4310-8F8A-5C8904507527}.Debug|Mixed Platforms.ActiveCfg = Debug|Any CPU
		{B9E0D79F-1E52-4310-8F8A-5C8904507527}.Debug|Mixed Platforms.Build.0 = Debug|Any CPU
		{B9E0D79F-1E52-4310-8F8A-5C8904507527}.Debug|x86.ActiveCfg = Debug|Any CPU
		{B9E0D79F-1E52-4310-8F8A-5C8904507527}.Release|Any CPU.ActiveCfg = Release|Any CPU
		{B9E0D79F-1E52-4310-8F8A-5C8904507527}.Release|Any CPU.Build.0 = Release|Any CPU
		{B9E0D79F-1E52-4310-8F8A-5C8904507527}.Release|Mixed Platforms.ActiveCfg = Release|Any CPU
		{B9E0D79F-1E52-4310-8F8A-5C8904507527}.Release|Mixed Platforms.Build.0 = Release|Any CPU
		{B9E0D79F-1E52-4310-8F8A-5C8904507527}.Release|x86.ActiveCfg = Release|Any CPU
		{D0C0B8A9-68C9-4BC6-96BE-ABB828BC6F37}.Debug|Any CPU.ActiveCfg = Debug|Any CPU
		{D0C0B8A9-68C9-4BC6-96BE-ABB828BC6F37}.Debug|Any CPU.Build.0 = Debug|Any CPU
		{D0C0B8A9-68C9-4BC6-96BE-ABB828BC6F37}.Debug|Mixed Platforms.ActiveCfg = Debug|Any CPU
		{D0C0B8A9-68C9-4BC6-96BE-ABB828BC6F37}.Debug|Mixed Platforms.Build.0 = Debug|Any CPU
		{D0C0B8A9-68C9-4BC6-96BE-ABB828BC6F37}.Debug|x86.ActiveCfg = Debug|Any CPU
		{D0C0B8A9-68C9-4BC6-96BE-ABB828BC6F37}.Release|Any CPU.ActiveCfg = Release|Any CPU
		{D0C0B8A9-68C9-4BC6-96BE-ABB828BC6F37}.Release|Any CPU.Build.0 = Release|Any CPU
		{D0C0B8A9-68C9-4BC6-96BE-ABB828BC6F37}.Release|Mixed Platforms.ActiveCfg = Release|Any CPU
		{D0C0B8A9-68C9-4BC6-96BE-ABB828BC6F37}.Release|Mixed Platforms.Build.0 = Release|Any CPU
		{D0C0B8A9-68C9-4BC6-96BE-ABB828BC6F37}.Release|x86.ActiveCfg = Release|Any CPU
		{341CE028-D1FF-4694-B510-153EE19B813A}.Debug|Any CPU.ActiveCfg = Debug|Any CPU
		{341CE028-D1FF-4694-B510-153EE19B813A}.Debug|Any CPU.Build.0 = Debug|Any CPU
		{341CE028-D1FF-4694-B510-153EE19B813A}.Debug|Mixed Platforms.ActiveCfg = Debug|Any CPU
		{341CE028-D1FF-4694-B510-153EE19B813A}.Debug|Mixed Platforms.Build.0 = Debug|Any CPU
		{341CE028-D1FF-4694-B510-153EE19B813A}.Debug|x86.ActiveCfg = Debug|Any CPU
		{341CE028-D1FF-4694-B510-153EE19B813A}.Release|Any CPU.ActiveCfg = Release|Any CPU
		{341CE028-D1FF-4694-B510-153EE19B813A}.Release|Any CPU.Build.0 = Release|Any CPU
		{341CE028-D1FF-4694-B510-153EE19B813A}.Release|Mixed Platforms.ActiveCfg = Release|Any CPU
		{341CE028-D1FF-4694-B510-153EE19B813A}.Release|Mixed Platforms.Build.0 = Release|Any CPU
		{341CE028-D1FF-4694-B510-153EE19B813A}.Release|x86.ActiveCfg = Release|Any CPU
	EndGlobalSection
	GlobalSection(SolutionProperties) = preSolution
		HideSolutionNode = FALSE
	EndGlobalSection
	GlobalSection(ExtensibilityGlobals) = postSolution
		BuildVersion_BuildVersioningStyle = None.None.Increment.TimeStamp
	EndGlobalSection
EndGlobal
